# This file is automatically @generated by Poetry and should not be changed by hand.

[[package]]
name = "maturin"
version = "0.14.13"
description = "Build and publish crates with pyo3, rust-cpython and cffi bindings as well as rust binaries as python packages"
category = "dev"
optional = false
python-versions = ">=3.7"
files = [
    {file = "maturin-0.14.13-py3-none-linux_armv6l.whl", hash = "sha256:d062a779239829adc1fd157912ae4d2d24695843823e23c47ccd4ff5395c2b9c"},
    {file = "maturin-0.14.13-py3-none-macosx_10_7_x86_64.whl", hash = "sha256:a5d6c5aeb1af92eaef64ddb6b5f2f51baed80893d5700e62fbb943e081462c8e"},
    {file = "maturin-0.14.13-py3-none-macosx_10_9_x86_64.macosx_11_0_arm64.macosx_10_9_universal2.whl", hash = "sha256:764eb486a93a50330ca6291d10c65f83fd0b2c31d5e323640126f5c638af85de"},
    {file = "maturin-0.14.13-py3-none-manylinux_2_12_i686.manylinux2010_i686.musllinux_1_1_i686.whl", hash = "sha256:c9583b20efeaa5e51f67633bade70237af53a15662016943352398b7f4b9e7a0"},
    {file = "maturin-0.14.13-py3-none-manylinux_2_12_x86_64.manylinux2010_x86_64.musllinux_1_1_x86_64.whl", hash = "sha256:76e41762af4a535ba3654df1ec4e43b5e6df15594dffcff26adae6ac187fff16"},
    {file = "maturin-0.14.13-py3-none-manylinux_2_17_aarch64.manylinux2014_aarch64.musllinux_1_1_aarch64.whl", hash = "sha256:f1d4dace8d848da098cd4c7398f2480af9a6a2395f34f0cc4f7b726890d502e2"},
    {file = "maturin-0.14.13-py3-none-manylinux_2_17_armv7l.manylinux2014_armv7l.musllinux_1_1_armv7l.whl", hash = "sha256:80b0e0d44bf3eea862356cf8382394e81eac5da0067237b650e3214fd8bdd904"},
    {file = "maturin-0.14.13-py3-none-manylinux_2_17_ppc64le.manylinux2014_ppc64le.musllinux_1_1_ppc64le.whl", hash = "sha256:c74dbd049d77b17024547d35e2458c476d4960b7a3e4d03e0f574c5ae6054abb"},
    {file = "maturin-0.14.13-py3-none-manylinux_2_17_s390x.manylinux2014_s390x.whl", hash = "sha256:6ef7872ed00a923eb8faf78206ce8a8606164b9663db682123609df0a3bb9293"},
    {file = "maturin-0.14.13-py3-none-win32.whl", hash = "sha256:09d4f262f3adeeb4ce5efd89eb824f9bc3023ded157c6b8a2bf4293a5d23925f"},
    {file = "maturin-0.14.13-py3-none-win_amd64.whl", hash = "sha256:9bfbf8d38acc77ba1a8392eb4e07e9fd330ec73ab8f8378471b4a5a3a05c208c"},
    {file = "maturin-0.14.13-py3-none-win_arm64.whl", hash = "sha256:25586d8092a6ad12faca35596be441b7b5dc9cc3d32eeeb978ce9860d3087247"},
    {file = "maturin-0.14.13.tar.gz", hash = "sha256:ace81e9572c8b29211c3356900d675a29656f395d9a5bb5939104d20bfd57c2f"},
]

[package.dependencies]
tomli = {version = ">=1.1.0", markers = "python_version < \"3.11\""}

[package.extras]
patchelf = ["patchelf"]
zig = ["ziglang (>=0.10.0,<0.11.0)"]

[[package]]
name = "tomli"
version = "2.0.1"
description = "A lil' TOML parser"
category = "dev"
optional = false
python-versions = ">=3.7"
files = [
    {file = "tomli-2.0.1-py3-none-any.whl", hash = "sha256:939de3e7a6161af0c887ef91b7d41a53e7c5a1ca976325f429cb46ea9bc30ecc"},
    {file = "tomli-2.0.1.tar.gz", hash = "sha256:de526c12914f0c550d15924c62d72abc48d6fe7364aa87328337a31007fe8a4f"},
]

[metadata]
lock-version = "2.0"
python-versions = ">=3.9.14, <3.10"
content-hash = "05911fff44c9de48611fb48e3817e24ab882143b24e3d90b35c03a77e40f7f11"
